
Microsoft Visual Studio Solution File, Format Version 12.00
# Visual Studio Version 17
VisualStudioVersion = 17.4.33110.190
MinimumVisualStudioVersion = 10.0.40219.1
Project("{FAE04EC0-301F-11D3-BF4B-00C04F79EFBC}") = "ADNOCDispenser", "ADNOCDispenser\ADNOCDispenser.csproj", "{235B8444-C713-4785-B211-13A0EEE3424A}"
EndProject
Global
	GlobalSection(SolutionConfigurationPlatforms) = preSolution
		Debug|Any CPU = Debug|Any CPU
		Release|Any CPU = Release|Any CPU
	EndGlobalSection
	GlobalSection(ProjectConfigurationPlatforms) = postSolution
		{235B8444-C713-4785-B211-13A0EEE3424A}.Debug|Any CPU.ActiveCfg = Debug|Any CPU
		{235B8444-C713-4785-B211-13A0EEE3424A}.Debug|Any CPU.Build.0 = Debug|Any CPU
		{235B8444-C713-4785-B211-13A0EEE3424A}.Release|Any CPU.ActiveCfg = Release|Any CPU
		{235B8444-C713-4785-B211-13A0EEE3424A}.Release|Any CPU.Build.0 = Release|Any CPU
	EndGlobalSection
	GlobalSection(SolutionProperties) = preSolution
		HideSolutionNode = FALSE
	EndGlobalSection
	GlobalSection(ExtensibilityGlobals) = postSolution
		SolutionGuid = {6F4E3FCB-1992-4A82-8411-C22401CDC18A}
	EndGlobalSection
EndGlobal
